{
  "name": "wcag-accessibility-skills",
  "version": "1.1.0",
  "lockfileVersion": 3,
  "requires": true,
  "packages": {
    "": {
      "name": "wcag-accessibility-skills",
      "version": "1.1.0",
      "license": "MIT",
      "bin": {
        "wcag-audit": "bin/wcag-skill.js",
        "wcag-check": "bin/wcag-skill.js",
        "wcag-configure": "bin/wcag-skill.js",
        "wcag-delegate": "bin/wcag-skill.js",
        "wcag-fix": "bin/wcag-skill.js",
        "wcag-report": "bin/wcag-skill.js",
        "wcag-skill": "bin/wcag-skill.js",
        "wcag-status": "bin/wcag-skill.js"
      },
      "engines": {
        "node": ">=20.0.0"
      }
    }
  }
}
